
Microsoft Visual Studio Solution File, Format Version 12.00
# Visual Studio Version 17
VisualStudioVersion = 17.14.37516.0 d17.14
MinimumVisualStudioVersion = 10.0.40219.1
Project("{FAE04EC0-301F-11D3-BF4B-00C04F79EFBC}") = "第三天复习", "第三天复习.csproj", "{EA455219-EDF8-4318-92EB-AF5B9F19C3F7}"
EndProject
Global
	GlobalSection(SolutionConfigurationPlatforms) = preSolution
		Debug|Any CPU = Debug|Any CPU
		Release|Any CPU = Release|Any CPU
	EndGlobalSection
	GlobalSection(ProjectConfigurationPlatforms) = postSolution
		{EA455219-EDF8-4318-92EB-AF5B9F19C3F7}.Debug|Any CPU.ActiveCfg = Debug|Any CPU
		{EA455219-EDF8-4318-92EB-AF5B9F19C3F7}.Debug|Any CPU.Build.0 = Debug|Any CPU
		{EA455219-EDF8-4318-92EB-AF5B9F19C3F7}.Release|Any CPU.ActiveCfg = Release|Any CPU
		{EA455219-EDF8-4318-92EB-AF5B9F19C3F7}.Release|Any CPU.Build.0 = Release|Any CPU
	EndGlobalSection
	GlobalSection(SolutionProperties) = preSolution
		HideSolutionNode = FALSE
	EndGlobalSection
	GlobalSection(ExtensibilityGlobals) = postSolution
		SolutionGuid = {30C24236-63BC-4502-9D29-72A78A7D59DD}
	EndGlobalSection
EndGlobal
